// !$*UTF8*$!
{
	archiveVersion = 1;
	classes = {
	};
	objectVersion = 46;
	objects = {

/* Begin PBXBuildFile section */
		7D09573F838C9FE79B766251 /* libPods-BuilditTouchID.a in Frameworks */ = {isa = PBXBuildFile; fileRef = 6CA211FF1CF05FF8966CF7A7 /* libPods-BuilditTouchID.a */; };
		B9D5DAAB1E4DDDE300298A2E /* main.m in Sources */ = {isa = PBXBuildFile; fileRef = B9D5DAAA1E4DDDE300298A2E /* main.m */; };
		B9D5DAAE1E4DDDE300298A2E /* AppDelegate.m in Sources */ = {isa = PBXBuildFile; fileRef = B9D5DAAD1E4DDDE300298A2E /* AppDelegate.m */; };
		B9D5DAB11E4DDDE300298A2E /* ViewController.m in Sources */ = {isa = PBXBuildFile; fileRef = B9D5DAB01E4DDDE300298A2E /* ViewController.m */; };
		B9D5DAB41E4DDDE300298A2E /* Main.storyboard in Resources */ = {isa = PBXBuildFile; fileRef = B9D5DAB21E4DDDE300298A2E /* Main.storyboard */; };
		B9D5DAB61E4DDDE300298A2E /* Assets.xcassets in Resources */ = {isa = PBXBuildFile; fileRef = B9D5DAB51E4DDDE300298A2E /* Assets.xcassets */; };
		B9D5DAB91E4DDDE300298A2E /* LaunchScreen.storyboard in Resources */ = {isa = PBXBuildFile; fileRef = B9D5DAB71E4DDDE300298A2E /* LaunchScreen.storyboard */; };
		B9D5DAC11E4E1EA400298A2E /* Speech.framework in Frameworks */ = {isa = PBXBuildFile; fileRef = B9D5DAC01E4E1EA400298A2E /* Speech.framework */; };
		B9D5DAC31E4E230500298A2E /* SpeechKit.framework in Frameworks */ = {isa = PBXBuildFile; fileRef = B9D5DAC21E4E230500298A2E /* SpeechKit.framework */; };
		BBA703251E4DE40100FA9D99 /* NetworkAPI.m in Sources */ = {isa = PBXBuildFile; fileRef = BBA703241E4DE40100FA9D99 /* NetworkAPI.m */; };
		BBA703291E4E0A1100FA9D99 /* IPHandler.m in Sources */ = {isa = PBXBuildFile; fileRef = BBA703281E4E0A1100FA9D99 /* IPHandler.m */; };
/* End PBXBuildFile section */

/* Begin PBXFileReference section */
		27D886E04401D2601C4989E6 /* Pods-BuilditTouchID.debug.xcconfig */ = {isa = PBXFileReference; includeInIndex = 1; lastKnownFileType = text.xcconfig; name = "Pods-BuilditTouchID.debug.xcconfig"; path = "Pods/Target Support Files/Pods-BuilditTouchID/Pods-BuilditTouchID.debug.xcconfig"; sourceTree = "<group>"; };
		6CA211FF1CF05FF8966CF7A7 /* libPods-BuilditTouchID.a */ = {isa = PBXFileReference; explicitFileType = archive.ar; includeInIndex = 0; path = "libPods-BuilditTouchID.a"; sourceTree = BUILT_PRODUCTS_DIR; };
		B9D5DAA61E4DDDE300298A2E /* BuilditTouchID.app */ = {isa = PBXFileReference; explicitFileType = wrapper.application; includeInIndex = 0; path = BuilditTouchID.app; sourceTree = BUILT_PRODUCTS_DIR; };
		B9D5DAAA1E4DDDE300298A2E /* main.m */ = {isa = PBXFileReference; lastKnownFileType = sourcecode.c.objc; path = main.m; sourceTree = "<group>"; };
		B9D5DAAC1E4DDDE300298A2E /* AppDelegate.h */ = {isa = PBXFileReference; lastKnownFileType = sourcecode.c.h; path = AppDelegate.h; sourceTree = "<group>"; };
		B9D5DAAD1E4DDDE300298A2E /* AppDelegate.m */ = {isa = PBXFileReference; lastKnownFileType = sourcecode.c.objc; path = AppDelegate.m; sourceTree = "<group>"; };
		B9D5DAAF1E4DDDE300298A2E /* ViewController.h */ = {isa = PBXFileReference; lastKnownFileType = sourcecode.c.h; path = ViewController.h; sourceTree = "<group>"; };
		B9D5DAB01E4DDDE300298A2E /* ViewController.m */ = {isa = PBXFileReference; lastKnownFileType = sourcecode.c.objc; path = ViewController.m; sourceTree = "<group>"; };
		B9D5DAB31E4DDDE300298A2E /* Base */ = {isa = PBXFileReference; lastKnownFileType = file.storyboard; name = Base; path = Base.lproj/Main.storyboard; sourceTree = "<group>"; };
		B9D5DAB51E4DDDE300298A2E /* Assets.xcassets */ = {isa = PBXFileReference; lastKnownFileType = folder.assetcatalog; path = Assets.xcassets; sourceTree = "<group>"; };
		B9D5DAB81E4DDDE300298A2E /* Base */ = {isa = PBXFileReference; lastKnownFileType = file.storyboard; name = Base; path = Base.lproj/LaunchScreen.storyboard; sourceTree = "<group>"; };
		B9D5DABA1E4DDDE300298A2E /* Info.plist */ = {isa = PBXFileReference; lastKnownFileType = text.plist.xml; path = Info.plist; sourceTree = "<group>"; };
		B9D5DAC01E4E1EA400298A2E /* Speech.framework */ = {isa = PBXFileReference; lastKnownFileType = wrapper.framework; name = Speech.framework; path = System/Library/Frameworks/Speech.framework; sourceTree = SDKROOT; };
		B9D5DAC21E4E230500298A2E /* SpeechKit.framework */ = {isa = PBXFileReference; lastKnownFileType = wrapper.framework; path = SpeechKit.framework; sourceTree = "<group>"; };
		BBA703231E4DE40100FA9D99 /* NetworkAPI.h */ = {isa = PBXFileReference; fileEncoding = 4; lastKnownFileType = sourcecode.c.h; name = NetworkAPI.h; path = Network/NetworkAPI.h; sourceTree = "<group>"; };
		BBA703241E4DE40100FA9D99 /* NetworkAPI.m */ = {isa = PBXFileReference; fileEncoding = 4; lastKnownFileType = sourcecode.c.objc; name = NetworkAPI.m; path = Network/NetworkAPI.m; sourceTree = "<group>"; };
		BBA703271E4E0A1100FA9D99 /* IPHandler.h */ = {isa = PBXFileReference; fileEncoding = 4; lastKnownFileType = sourcecode.c.h; name = IPHandler.h; path = Model/IPHandler.h; sourceTree = "<group>"; };
		BBA703281E4E0A1100FA9D99 /* IPHandler.m */ = {isa = PBXFileReference; fileEncoding = 4; lastKnownFileType = sourcecode.c.objc; name = IPHandler.m; path = Model/IPHandler.m; sourceTree = "<group>"; };
		FE85FDF529870C1A6FC77A06 /* Pods-BuilditTouchID.release.xcconfig */ = {isa = PBXFileReference; includeInIndex = 1; lastKnownFileType = text.xcconfig; name = "Pods-BuilditTouchID.release.xcconfig"; path = "Pods/Target Support Files/Pods-BuilditTouchID/Pods-BuilditTouchID.release.xcconfig"; sourceTree = "<group>"; };
/* End PBXFileReference section */

/* Begin PBXFrameworksBuildPhase section */
		B9D5DAA31E4DDDE300298A2E /* Frameworks */ = {
			isa = PBXFrameworksBuildPhase;
			buildActionMask = 2147483647;
			files = (
				B9D5DAC11E4E1EA400298A2E /* Speech.framework in Frameworks */,
				B9D5DAC31E4E230500298A2E /* SpeechKit.framework in Frameworks */,
				7D09573F838C9FE79B766251 /* libPods-BuilditTouchID.a in Frameworks */,
			);
			runOnlyForDeploymentPostprocessing = 0;
		};
/* End PBXFrameworksBuildPhase section */

/* Begin PBXGroup section */
		45B3391BDADB87322026A509 /* Frameworks */ = {
			isa = PBXGroup;
			children = (
				B9D5DAC21E4E230500298A2E /* SpeechKit.framework */,
				B9D5DAC01E4E1EA400298A2E /* Speech.framework */,
				6CA211FF1CF05FF8966CF7A7 /* libPods-BuilditTouchID.a */,
			);
			name = Frameworks;
			sourceTree = "<group>";
		};
		8C70295D0CA0917F9AF3E60D /* Pods */ = {
			isa = PBXGroup;
			children = (
				27D886E04401D2601C4989E6 /* Pods-BuilditTouchID.debug.xcconfig */,
				FE85FDF529870C1A6FC77A06 /* Pods-BuilditTouchID.release.xcconfig */,
			);
			name = Pods;
			sourceTree = "<group>";
		};
		B9D5DA9D1E4DDDE300298A2E = {
			isa = PBXGroup;
			children = (
				B9D5DAA81E4DDDE300298A2E /* BuilditTouchID */,
				B9D5DAA71E4DDDE300298A2E /* Products */,
				8C70295D0CA0917F9AF3E60D /* Pods */,
				45B3391BDADB87322026A509 /* Frameworks */,
			);
			sourceTree = "<group>";
		};
		B9D5DAA71E4DDDE300298A2E /* Products */ = {
			isa = PBXGroup;
			children = (
				B9D5DAA61E4DDDE300298A2E /* BuilditTouchID.app */,
			);
			name = Products;
			sourceTree = "<group>";
		};
		B9D5DAA81E4DDDE300298A2E /* BuilditTouchID */ = {
			isa = PBXGroup;
			children = (
				BBA703261E4E09F800FA9D99 /* Model */,
				BBA703221E4DE3AA00FA9D99 /* Network */,
				B9D5DAAC1E4DDDE300298A2E /* AppDelegate.h */,
				B9D5DAAD1E4DDDE300298A2E /* AppDelegate.m */,
				B9D5DAAF1E4DDDE300298A2E /* ViewController.h */,
				B9D5DAB01E4DDDE300298A2E /* ViewController.m */,
				B9D5DAB21E4DDDE300298A2E /* Main.storyboard */,
				B9D5DAB51E4DDDE300298A2E /* Assets.xcassets */,
				B9D5DAB71E4DDDE300298A2E /* LaunchScreen.storyboard */,
				B9D5DABA1E4DDDE300298A2E /* Info.plist */,
				B9D5DAA91E4DDDE300298A2E /* Supporting Files */,
			);
			path = BuilditTouchID;
			sourceTree = "<group>";
		};
		B9D5DAA91E4DDDE300298A2E /* Supporting Files */ = {
			isa = PBXGroup;
			children = (
				B9D5DAAA1E4DDDE300298A2E /* main.m */,
			);
			name = "Supporting Files";
			sourceTree = "<group>";
		};
		BBA703221E4DE3AA00FA9D99 /* Network */ = {
			isa = PBXGroup;
			children = (
				BBA703231E4DE40100FA9D99 /* NetworkAPI.h */,
				BBA703241E4DE40100FA9D99 /* NetworkAPI.m */,
			);
			name = Network;
			sourceTree = "<group>";
		};
		BBA703261E4E09F800FA9D99 /* Model */ = {
			isa = PBXGroup;
			children = (
				BBA703271E4E0A1100FA9D99 /* IPHandler.h */,
				BBA703281E4E0A1100FA9D99 /* IPHandler.m */,
			);
			name = Model;
			sourceTree = "<group>";
		};
/* End PBXGroup section */

/* Begin PBXNativeTarget section */
		B9D5DAA51E4DDDE300298A2E /* BuilditTouchID */ = {
			isa = PBXNativeTarget;
			buildConfigurationList = B9D5DABD1E4DDDE300298A2E /* Build configuration list for PBXNativeTarget "BuilditTouchID" */;
			buildPhases = (
				60E64D34501507B9AE8865F9 /* [CP] Check Pods Manifest.lock */,
				B9D5DAA21E4DDDE300298A2E /* Sources */,
				B9D5DAA31E4DDDE300298A2E /* Frameworks */,
				B9D5DAA41E4DDDE300298A2E /* Resources */,
				217A4A886A299E1DF6DA59D1 /* [CP] Embed Pods Frameworks */,
				CD915D0C2541A010F6D08A83 /* [CP] Copy Pods Resources */,
			);
			buildRules = (
			);
			dependencies = (
			);
			name = BuilditTouchID;
			productName = BuilditTouchID;
			productReference = B9D5DAA61E4DDDE300298A2E /* BuilditTouchID.app */;
			productType = "com.apple.product-type.application";
		};
/* End PBXNativeTarget section */

/* Begin PBXProject section */
		B9D5DA9E1E4DDDE300298A2E /* Project object */ = {
			isa = PBXProject;
			attributes = {
				LastUpgradeCheck = 0820;
				ORGANIZATIONNAME = "Juliana Cipa";
				TargetAttributes = {
					B9D5DAA51E4DDDE300298A2E = {
						CreatedOnToolsVersion = 8.2.1;
						DevelopmentTeam = 5AZ4ZVE4HD;
						ProvisioningStyle = Automatic;
					};
				};
			};
			buildConfigurationList = B9D5DAA11E4DDDE300298A2E /* Build configuration list for PBXProject "BuilditTouchID" */;
			compatibilityVersion = "Xcode 3.2";
			developmentRegion = English;
			hasScannedForEncodings = 0;
			knownRegions = (
				en,
				Base,
			);
			mainGroup = B9D5DA9D1E4DDDE300298A2E;
			productRefGroup = B9D5DAA71E4DDDE300298A2E /* Products */;
			projectDirPath = "";
			projectRoot = "";
			targets = (
				B9D5DAA51E4DDDE300298A2E /* BuilditTouchID */,
			);
		};
/* End PBXProject section */

/* Begin PBXResourcesBuildPhase section */
		B9D5DAA41E4DDDE300298A2E /* Resources */ = {
			isa = PBXResourcesBuildPhase;
			buildActionMask = 2147483647;
			files = (
				B9D5DAB91E4DDDE300298A2E /* LaunchScreen.storyboard in Resources */,
				B9D5DAB61E4DDDE300298A2E /* Assets.xcassets in Resources */,
				B9D5DAB41E4DDDE300298A2E /* Main.storyboard in Resources */,
			);
			runOnlyForDeploymentPostprocessing = 0;
		};
/* End PBXResourcesBuildPhase section */

/* Begin PBXShellScriptBuildPhase section */
		217A4A886A299E1DF6DA59D1 /* [CP] Embed Pods Frameworks */ = {
			isa = PBXShellScriptBuildPhase;
			buildActionMask = 2147483647;
			files = (
			);
			inputPaths = (
			);
			name = "[CP] Embed Pods Frameworks";
			outputPaths = (
			);
			runOnlyForDeploymentPostprocessing = 0;
			shellPath = /bin/sh;
			shellScript = "\"${SRCROOT}/Pods/Target Support Files/Pods-BuilditTouchID/Pods-BuilditTouchID-frameworks.sh\"\n";
			showEnvVarsInLog = 0;
		};
		60E64D34501507B9AE8865F9 /* [CP] Check Pods Manifest.lock */ = {
			isa = PBXShellScriptBuildPhase;
			buildActionMask = 2147483647;
			files = (
			);
			inputPaths = (
			);
			name = "[CP] Check Pods Manifest.lock";
			outputPaths = (
			);
			runOnlyForDeploymentPostprocessing = 0;
			shellPath = /bin/sh;
			shellScript = "diff \"${PODS_ROOT}/../Podfile.lock\" \"${PODS_ROOT}/Manifest.lock\" > /dev/null\nif [ $? != 0 ] ; then\n    # print error to STDERR\n    echo \"error: The sandbox is not in sync with the Podfile.lock. Run 'pod install' or update your CocoaPods installation.\" >&2\n    exit 1\nfi\n";
			showEnvVarsInLog = 0;
		};
		CD915D0C2541A010F6D08A83 /* [CP] Copy Pods Resources */ = {
			isa = PBXShellScriptBuildPhase;
			buildActionMask = 2147483647;
			files = (
			);
			inputPaths = (
			);
			name = "[CP] Copy Pods Resources";
			outputPaths = (
			);
			runOnlyForDeploymentPostprocessing = 0;
			shellPath = /bin/sh;
			shellScript = "\"${SRCROOT}/Pods/Target Support Files/Pods-BuilditTouchID/Pods-BuilditTouchID-resources.sh\"\n";
			showEnvVarsInLog = 0;
		};
/* End PBXShellScriptBuildPhase section */

/* Begin PBXSourcesBuildPhase section */
		B9D5DAA21E4DDDE300298A2E /* Sources */ = {
			isa = PBXSourcesBuildPhase;
			buildActionMask = 2147483647;
			files = (
				B9D5DAB11E4DDDE300298A2E /* ViewController.m in Sources */,
				B9D5DAAE1E4DDDE300298A2E /* AppDelegate.m in Sources */,
				B9D5DAAB1E4DDDE300298A2E /* main.m in Sources */,
				BBA703251E4DE40100FA9D99 /* NetworkAPI.m in Sources */,
				BBA703291E4E0A1100FA9D99 /* IPHandler.m in Sources */,
			);
			runOnlyForDeploymentPostprocessing = 0;
		};
/* End PBXSourcesBuildPhase section */

/* Begin PBXVariantGroup section */
		B9D5DAB21E4DDDE300298A2E /* Main.storyboard */ = {
			isa = PBXVariantGroup;
			children = (
				B9D5DAB31E4DDDE300298A2E /* Base */,
			);
			name = Main.storyboard;
			sourceTree = "<group>";
		};
		B9D5DAB71E4DDDE300298A2E /* LaunchScreen.storyboard */ = {
			isa = PBXVariantGroup;
			children = (
				B9D5DAB81E4DDDE300298A2E /* Base */,
			);
			name = LaunchScreen.storyboard;
			sourceTree = "<group>";
		};
/* End PBXVariantGroup section */

/* Begin XCBuildConfiguration section */
		B9D5DABB1E4DDDE300298A2E /* Debug */ = {
			isa = XCBuildConfiguration;
			buildSettings = {
				ALWAYS_SEARCH_USER_PATHS = NO;
				CLANG_ANALYZER_NONNULL = YES;
				CLANG_CXX_LANGUAGE_STANDARD = "gnu++0x";
				CLANG_CXX_LIBRARY = "libc++";
				CLANG_ENABLE_MODULES = YES;
				CLANG_ENABLE_OBJC_ARC = YES;
				CLANG_WARN_BOOL_CONVERSION = YES;
				CLANG_WARN_CONSTANT_CONVERSION = YES;
				CLANG_WARN_DIRECT_OBJC_ISA_USAGE = YES_ERROR;
				CLANG_WARN_DOCUMENTATION_COMMENTS = YES;
				CLANG_WARN_EMPTY_BODY = YES;
				CLANG_WARN_ENUM_CONVERSION = YES;
				CLANG_WARN_INFINITE_RECURSION = YES;
				CLANG_WARN_INT_CONVERSION = YES;
				CLANG_WARN_OBJC_ROOT_CLASS = YES_ERROR;
				CLANG_WARN_SUSPICIOUS_MOVE = YES;
				CLANG_WARN_UNREACHABLE_CODE = YES;
				CLANG_WARN__DUPLICATE_METHOD_MATCH = YES;
				"CODE_SIGN_IDENTITY[sdk=iphoneos*]" = "iPhone Developer";
				COPY_PHASE_STRIP = NO;
				DEBUG_INFORMATION_FORMAT = dwarf;
				ENABLE_STRICT_OBJC_MSGSEND = YES;
				ENABLE_TESTABILITY = YES;
				GCC_C_LANGUAGE_STANDARD = gnu99;
				GCC_DYNAMIC_NO_PIC = NO;
				GCC_NO_COMMON_BLOCKS = YES;
				GCC_OPTIMIZATION_LEVEL = 0;
				GCC_PREPROCESSOR_DEFINITIONS = (
					"DEBUG=1",
					"$(inherited)",
				);
				GCC_WARN_64_TO_32_BIT_CONVERSION = YES;
				GCC_WARN_ABOUT_RETURN_TYPE = YES_ERROR;
				GCC_WARN_UNDECLARED_SELECTOR = YES;
				GCC_WARN_UNINITIALIZED_AUTOS = YES_AGGRESSIVE;
				GCC_WARN_UNUSED_FUNCTION = YES;
				GCC_WARN_UNUSED_VARIABLE = YES;
				IPHONEOS_DEPLOYMENT_TARGET = 10.2;
				MTL_ENABLE_DEBUG_INFO = YES;
				ONLY_ACTIVE_ARCH = YES;
				SDKROOT = iphoneos;
				TARGETED_DEVICE_FAMILY = "1,2";
			};
			name = Debug;
		};
		B9D5DABC1E4DDDE300298A2E /* Release */ = {
			isa = XCBuildConfiguration;
			buildSettings = {
				ALWAYS_SEARCH_USER_PATHS = NO;
				CLANG_ANALYZER_NONNULL = YES;
				CLANG_CXX_LANGUAGE_STANDARD = "gnu++0x";
				CLANG_CXX_LIBRARY = "libc++";
				CLANG_ENABLE_MODULES = YES;
				CLANG_ENABLE_OBJC_ARC = YES;
				CLANG_WARN_BOOL_CONVERSION = YES;
				CLANG_WARN_CONSTANT_CONVERSION = YES;
				CLANG_WARN_DIRECT_OBJC_ISA_USAGE = YES_ERROR;
				CLANG_WARN_DOCUMENTATION_COMMENTS = YES;
				CLANG_WARN_EMPTY_BODY = YES;
				CLANG_WARN_ENUM_CONVERSION = YES;
				CLANG_WARN_INFINITE_RECURSION = YES;
				CLANG_WARN_INT_CONVERSION = YES;
				CLANG_WARN_OBJC_ROOT_CLASS = YES_ERROR;
				CLANG_WARN_SUSPICIOUS_MOVE = YES;
				CLANG_WARN_UNREACHABLE_CODE = YES;
				CLANG_WARN__DUPLICATE_METHOD_MATCH = YES;
				"CODE_SIGN_IDENTITY[sdk=iphoneos*]" = "iPhone Developer";
				COPY_PHASE_STRIP = NO;
				DEBUG_INFORMATION_FORMAT = "dwarf-with-dsym";
				ENABLE_NS_ASSERTIONS = NO;
				ENABLE_STRICT_OBJC_MSGSEND = YES;
				GCC_C_LANGUAGE_STANDARD = gnu99;
				GCC_NO_COMMON_BLOCKS = YES;
				GCC_WARN_64_TO_32_BIT_CONVERSION = YES;
				GCC_WARN_ABOUT_RETURN_TYPE = YES_ERROR;
				GCC_WARN_UNDECLARED_SELECTOR = YES;
				GCC_WARN_UNINITIALIZED_AUTOS = YES_AGGRESSIVE;
				GCC_WARN_UNUSED_FUNCTION = YES;
				GCC_WARN_UNUSED_VARIABLE = YES;
				IPHONEOS_DEPLOYMENT_TARGET = 10.2;
				MTL_ENABLE_DEBUG_INFO = NO;
				SDKROOT = iphoneos;
				TARGETED_DEVICE_FAMILY = "1,2";
				VALIDATE_PRODUCT = YES;
			};
			name = Release;
		};
		B9D5DABE1E4DDDE300298A2E /* Debug */ = {
			isa = XCBuildConfiguration;
			baseConfigurationReference = 27D886E04401D2601C4989E6 /* Pods-BuilditTouchID.debug.xcconfig */;
			buildSettings = {
				ASSETCATALOG_COMPILER_APPICON_NAME = AppIcon;
				DEVELOPMENT_TEAM = 5AZ4ZVE4HD;
				FRAMEWORK_SEARCH_PATHS = (
					"$(inherited)",
					"$(PROJECT_DIR)",
				);
				INFOPLIST_FILE = BuilditTouchID/Info.plist;
				LD_RUNPATH_SEARCH_PATHS = "$(inherited) @executable_path/Frameworks";
				PRODUCT_BUNDLE_IDENTIFIER = com.buildit.BuilditTouchID;
				PRODUCT_NAME = "$(TARGET_NAME)";
			};
			name = Debug;
		};
		B9D5DABF1E4DDDE300298A2E /* Release */ = {
			isa = XCBuildConfiguration;
			baseConfigurationReference = FE85FDF529870C1A6FC77A06 /* Pods-BuilditTouchID.release.xcconfig */;
			buildSettings = {
				ASSETCATALOG_COMPILER_APPICON_NAME = AppIcon;
				DEVELOPMENT_TEAM = 5AZ4ZVE4HD;
				FRAMEWORK_SEARCH_PATHS = (
					"$(inherited)",
					"$(PROJECT_DIR)",
				);
				INFOPLIST_FILE = BuilditTouchID/Info.plist;
				LD_RUNPATH_SEARCH_PATHS = "$(inherited) @executable_path/Frameworks";
				PRODUCT_BUNDLE_IDENTIFIER = com.buildit.BuilditTouchID;
				PRODUCT_NAME = "$(TARGET_NAME)";
			};
			name = Release;
		};
/* End XCBuildConfiguration section */

/* Begin XCConfigurationList section */
		B9D5DAA11E4DDDE300298A2E /* Build configuration list for PBXProject "BuilditTouchID" */ = {
			isa = XCConfigurationList;
			buildConfigurations = (
				B9D5DABB1E4DDDE300298A2E /* Debug */,
				B9D5DABC1E4DDDE300298A2E /* Release */,
			);
			defaultConfigurationIsVisible = 0;
			defaultConfigurationName = Release;
		};
		B9D5DABD1E4DDDE300298A2E /* Build configuration list for PBXNativeTarget "BuilditTouchID" */ = {
			isa = XCConfigurationList;
			buildConfigurations = (
				B9D5DABE1E4DDDE300298A2E /* Debug */,
				B9D5DABF1E4DDDE300298A2E /* Release */,
			);
			defaultConfigurationIsVisible = 0;
			defaultConfigurationName = Release;
		};
/* End XCConfigurationList section */
	};
	rootObject = B9D5DA9E1E4DDDE300298A2E /* Project object */;
}
